Microsoft Visual Studio Solution File, Format Version 11.00
# Visual Studio 2010
Project("{8BC9CEB8-8B4A-11D0-8D11-00A0C91BC942}") = "ALL_BUILD", "ALL_BUILD.vcxproj", "{ADB00AF8-469A-44D1-A897-052B36F284CF}"
	ProjectSection(ProjectDependencies) = postProject
		{61D13150-0473-4407-92E3-AF6856419649} = {61D13150-0473-4407-92E3-AF6856419649}
		{FFF3D683-AA81-411F-9C47-CC3D87C1DE33} = {FFF3D683-AA81-411F-9C47-CC3D87C1DE33}
		{F95F70A5-4D13-4FD8-94C9-2224FCCD682E} = {F95F70A5-4D13-4FD8-94C9-2224FCCD682E}
		{AAAB04C8-1F1F-4AEE-96C7-EA14A6986AAD} = {AAAB04C8-1F1F-4AEE-96C7-EA14A6986AAD}
		{2F50B301-44F9-431A-8986-0CD8545CF26E} = {2F50B301-44F9-431A-8986-0CD8545CF26E}
		{ED9E16DC-2DDF-47FB-9A49-D3A2C71A0AB1} = {ED9E16DC-2DDF-47FB-9A49-D3A2C71A0AB1}
		{4AB016AD-57B3-43CC-8688-850CADA1E872} = {4AB016AD-57B3-43CC-8688-850CADA1E872}
		{E9DC1BA5-69C2-47DC-8A27-3F0B3D0E8673} = {E9DC1BA5-69C2-47DC-8A27-3F0B3D0E8673}
	EndProjectSection
EndProject
Project("{8BC9CEB8-8B4A-11D0-8D11-00A0C91BC942}") = "INSTALL", "INSTALL.vcxproj", "{724CB898-3663-4E7E-83FB-CFE3BFC835D1}"
	ProjectSection(ProjectDependencies) = postProject
		{ADB00AF8-469A-44D1-A897-052B36F284CF} = {ADB00AF8-469A-44D1-A897-052B36F284CF}
	EndProjectSection
EndProject
Project("{8BC9CEB8-8B4A-11D0-8D11-00A0C91BC942}") = "ZERO_CHECK", "ZERO_CHECK.vcxproj", "{61D13150-0473-4407-92E3-AF6856419649}"
	ProjectSection(ProjectDependencies) = postProject
	EndProjectSection
EndProject
Project("{8BC9CEB8-8B4A-11D0-8D11-00A0C91BC942}") = "config", "src\config\config.vcxproj", "{FFF3D683-AA81-411F-9C47-CC3D87C1DE33}"
	ProjectSection(ProjectDependencies) = postProject
		{61D13150-0473-4407-92E3-AF6856419649} = {61D13150-0473-4407-92E3-AF6856419649}
	EndProjectSection
EndProject
Project("{8BC9CEB8-8B4A-11D0-8D11-00A0C91BC942}") = "cvblobs", "src\cvblobs\cvblobs.vcxproj", "{F95F70A5-4D13-4FD8-94C9-2224FCCD682E}"
	ProjectSection(ProjectDependencies) = postProject
		{61D13150-0473-4407-92E3-AF6856419649} = {61D13150-0473-4407-92E3-AF6856419649}
	EndProjectSection
EndProject
Project("{8BC9CEB8-8B4A-11D0-8D11-00A0C91BC942}") = "imacq", "src\imacq\imacq.vcxproj", "{AAAB04C8-1F1F-4AEE-96C7-EA14A6986AAD}"
	ProjectSection(ProjectDependencies) = postProject
		{61D13150-0473-4407-92E3-AF6856419649} = {61D13150-0473-4407-92E3-AF6856419649}
	EndProjectSection
EndProject
Project("{8BC9CEB8-8B4A-11D0-8D11-00A0C91BC942}") = "main", "src\main\main.vcxproj", "{2F50B301-44F9-431A-8986-0CD8545CF26E}"
	ProjectSection(ProjectDependencies) = postProject
		{61D13150-0473-4407-92E3-AF6856419649} = {61D13150-0473-4407-92E3-AF6856419649}
		{FFF3D683-AA81-411F-9C47-CC3D87C1DE33} = {FFF3D683-AA81-411F-9C47-CC3D87C1DE33}
		{AAAB04C8-1F1F-4AEE-96C7-EA14A6986AAD} = {AAAB04C8-1F1F-4AEE-96C7-EA14A6986AAD}
		{E9DC1BA5-69C2-47DC-8A27-3F0B3D0E8673} = {E9DC1BA5-69C2-47DC-8A27-3F0B3D0E8673}
	EndProjectSection
EndProject
Project("{8BC9CEB8-8B4A-11D0-8D11-00A0C91BC942}") = "mftracker", "src\mftracker\mftracker.vcxproj", "{ED9E16DC-2DDF-47FB-9A49-D3A2C71A0AB1}"
	ProjectSection(ProjectDependencies) = postProject
		{61D13150-0473-4407-92E3-AF6856419649} = {61D13150-0473-4407-92E3-AF6856419649}
	EndProjectSection
EndProject
Project("{8BC9CEB8-8B4A-11D0-8D11-00A0C91BC942}") = "opentld", "src\opentld.vcxproj", "{4AB016AD-57B3-43CC-8688-850CADA1E872}"
	ProjectSection(ProjectDependencies) = postProject
		{61D13150-0473-4407-92E3-AF6856419649} = {61D13150-0473-4407-92E3-AF6856419649}
		{2F50B301-44F9-431A-8986-0CD8545CF26E} = {2F50B301-44F9-431A-8986-0CD8545CF26E}
	EndProjectSection
EndProject
Project("{8BC9CEB8-8B4A-11D0-8D11-00A0C91BC942}") = "tld", "src\tld\tld.vcxproj", "{E9DC1BA5-69C2-47DC-8A27-3F0B3D0E8673}"
	ProjectSection(ProjectDependencies) = postProject
		{61D13150-0473-4407-92E3-AF6856419649} = {61D13150-0473-4407-92E3-AF6856419649}
		{F95F70A5-4D13-4FD8-94C9-2224FCCD682E} = {F95F70A5-4D13-4FD8-94C9-2224FCCD682E}
		{ED9E16DC-2DDF-47FB-9A49-D3A2C71A0AB1} = {ED9E16DC-2DDF-47FB-9A49-D3A2C71A0AB1}
	EndProjectSection
EndProject
Global
	GlobalSection(SolutionConfigurationPlatforms) = preSolution
		Debug|Win32 = Debug|Win32
		Release|Win32 = Release|Win32
		MinSizeRel|Win32 = MinSizeRel|Win32
		RelWithDebInfo|Win32 = RelWithDebInfo|Win32
	EndGlobalSection
	GlobalSection(ProjectConfigurationPlatforms) = postSolution
		{ADB00AF8-469A-44D1-A897-052B36F284CF}.Debug|Win32.ActiveCfg = Debug|Win32
		{ADB00AF8-469A-44D1-A897-052B36F284CF}.Debug|Win32.Build.0 = Debug|Win32
		{ADB00AF8-469A-44D1-A897-052B36F284CF}.Release|Win32.ActiveCfg = Release|Win32
		{ADB00AF8-469A-44D1-A897-052B36F284CF}.Release|Win32.Build.0 = Release|Win32
		{ADB00AF8-469A-44D1-A897-052B36F284CF}.MinSizeRel|Win32.ActiveCfg = MinSizeRel|Win32
		{ADB00AF8-469A-44D1-A897-052B36F284CF}.MinSizeRel|Win32.Build.0 = MinSizeRel|Win32
		{ADB00AF8-469A-44D1-A897-052B36F284CF}.RelWithDebInfo|Win32.ActiveCfg = RelWithDebInfo|Win32
		{ADB00AF8-469A-44D1-A897-052B36F284CF}.RelWithDebInfo|Win32.Build.0 = RelWithDebInfo|Win32
		{724CB898-3663-4E7E-83FB-CFE3BFC835D1}.Debug|Win32.ActiveCfg = Debug|Win32
		{724CB898-3663-4E7E-83FB-CFE3BFC835D1}.Release|Win32.ActiveCfg = Release|Win32
		{724CB898-3663-4E7E-83FB-CFE3BFC835D1}.MinSizeRel|Win32.ActiveCfg = MinSizeRel|Win32
		{724CB898-3663-4E7E-83FB-CFE3BFC835D1}.RelWithDebInfo|Win32.ActiveCfg = RelWithDebInfo|Win32
		{61D13150-0473-4407-92E3-AF6856419649}.Debug|Win32.ActiveCfg = Debug|Win32
		{61D13150-0473-4407-92E3-AF6856419649}.Debug|Win32.Build.0 = Debug|Win32
		{61D13150-0473-4407-92E3-AF6856419649}.Release|Win32.ActiveCfg = Release|Win32
		{61D13150-0473-4407-92E3-AF6856419649}.Release|Win32.Build.0 = Release|Win32
		{61D13150-0473-4407-92E3-AF6856419649}.MinSizeRel|Win32.ActiveCfg = MinSizeRel|Win32
		{61D13150-0473-4407-92E3-AF6856419649}.MinSizeRel|Win32.Build.0 = MinSizeRel|Win32
		{61D13150-0473-4407-92E3-AF6856419649}.RelWithDebInfo|Win32.ActiveCfg = RelWithDebInfo|Win32
		{61D13150-0473-4407-92E3-AF6856419649}.RelWithDebInfo|Win32.Build.0 = RelWithDebInfo|Win32
		{FFF3D683-AA81-411F-9C47-CC3D87C1DE33}.Debug|Win32.ActiveCfg = Debug|Win32
		{FFF3D683-AA81-411F-9C47-CC3D87C1DE33}.Debug|Win32.Build.0 = Debug|Win32
		{FFF3D683-AA81-411F-9C47-CC3D87C1DE33}.Release|Win32.ActiveCfg = Release|Win32
		{FFF3D683-AA81-411F-9C47-CC3D87C1DE33}.Release|Win32.Build.0 = Release|Win32
		{FFF3D683-AA81-411F-9C47-CC3D87C1DE33}.MinSizeRel|Win32.ActiveCfg = MinSizeRel|Win32
		{FFF3D683-AA81-411F-9C47-CC3D87C1DE33}.MinSizeRel|Win32.Build.0 = MinSizeRel|Win32
		{FFF3D683-AA81-411F-9C47-CC3D87C1DE33}.RelWithDebInfo|Win32.ActiveCfg = RelWithDebInfo|Win32
		{FFF3D683-AA81-411F-9C47-CC3D87C1DE33}.RelWithDebInfo|Win32.Build.0 = RelWithDebInfo|Win32
		{F95F70A5-4D13-4FD8-94C9-2224FCCD682E}.Debug|Win32.ActiveCfg = Debug|Win32
		{F95F70A5-4D13-4FD8-94C9-2224FCCD682E}.Debug|Win32.Build.0 = Debug|Win32
		{F95F70A5-4D13-4FD8-94C9-2224FCCD682E}.Release|Win32.ActiveCfg = Release|Win32
		{F95F70A5-4D13-4FD8-94C9-2224FCCD682E}.Release|Win32.Build.0 = Release|Win32
		{F95F70A5-4D13-4FD8-94C9-2224FCCD682E}.MinSizeRel|Win32.ActiveCfg = MinSizeRel|Win32
		{F95F70A5-4D13-4FD8-94C9-2224FCCD682E}.MinSizeRel|Win32.Build.0 = MinSizeRel|Win32
		{F95F70A5-4D13-4FD8-94C9-2224FCCD682E}.RelWithDebInfo|Win32.ActiveCfg = RelWithDebInfo|Win32
		{F95F70A5-4D13-4FD8-94C9-2224FCCD682E}.RelWithDebInfo|Win32.Build.0 = RelWithDebInfo|Win32
		{AAAB04C8-1F1F-4AEE-96C7-EA14A6986AAD}.Debug|Win32.ActiveCfg = Debug|Win32
		{AAAB04C8-1F1F-4AEE-96C7-EA14A6986AAD}.Debug|Win32.Build.0 = Debug|Win32
		{AAAB04C8-1F1F-4AEE-96C7-EA14A6986AAD}.Release|Win32.ActiveCfg = Release|Win32
		{AAAB04C8-1F1F-4AEE-96C7-EA14A6986AAD}.Release|Win32.Build.0 = Release|Win32
		{AAAB04C8-1F1F-4AEE-96C7-EA14A6986AAD}.MinSizeRel|Win32.ActiveCfg = MinSizeRel|Win32
		{AAAB04C8-1F1F-4AEE-96C7-EA14A6986AAD}.MinSizeRel|Win32.Build.0 = MinSizeRel|Win32
		{AAAB04C8-1F1F-4AEE-96C7-EA14A6986AAD}.RelWithDebInfo|Win32.ActiveCfg = RelWithDebInfo|Win32
		{AAAB04C8-1F1F-4AEE-96C7-EA14A6986AAD}.RelWithDebInfo|Win32.Build.0 = RelWithDebInfo|Win32
		{2F50B301-44F9-431A-8986-0CD8545CF26E}.Debug|Win32.ActiveCfg = Debug|Win32
		{2F50B301-44F9-431A-8986-0CD8545CF26E}.Debug|Win32.Build.0 = Debug|Win32
		{2F50B301-44F9-431A-8986-0CD8545CF26E}.Release|Win32.ActiveCfg = Release|Win32
		{2F50B301-44F9-431A-8986-0CD8545CF26E}.Release|Win32.Build.0 = Release|Win32
		{2F50B301-44F9-431A-8986-0CD8545CF26E}.MinSizeRel|Win32.ActiveCfg = MinSizeRel|Win32
		{2F50B301-44F9-431A-8986-0CD8545CF26E}.MinSizeRel|Win32.Build.0 = MinSizeRel|Win32
		{2F50B301-44F9-431A-8986-0CD8545CF26E}.RelWithDebInfo|Win32.ActiveCfg = RelWithDebInfo|Win32
		{2F50B301-44F9-431A-8986-0CD8545CF26E}.RelWithDebInfo|Win32.Build.0 = RelWithDebInfo|Win32
		{ED9E16DC-2DDF-47FB-9A49-D3A2C71A0AB1}.Debug|Win32.ActiveCfg = Debug|Win32
		{ED9E16DC-2DDF-47FB-9A49-D3A2C71A0AB1}.Debug|Win32.Build.0 = Debug|Win32
		{ED9E16DC-2DDF-47FB-9A49-D3A2C71A0AB1}.Release|Win32.ActiveCfg = Release|Win32
		{ED9E16DC-2DDF-47FB-9A49-D3A2C71A0AB1}.Release|Win32.Build.0 = Release|Win32
		{ED9E16DC-2DDF-47FB-9A49-D3A2C71A0AB1}.MinSizeRel|Win32.ActiveCfg = MinSizeRel|Win32
		{ED9E16DC-2DDF-47FB-9A49-D3A2C71A0AB1}.MinSizeRel|Win32.Build.0 = MinSizeRel|Win32
		{ED9E16DC-2DDF-47FB-9A49-D3A2C71A0AB1}.RelWithDebInfo|Win32.ActiveCfg = RelWithDebInfo|Win32
		{ED9E16DC-2DDF-47FB-9A49-D3A2C71A0AB1}.RelWithDebInfo|Win32.Build.0 = RelWithDebInfo|Win32
		{4AB016AD-57B3-43CC-8688-850CADA1E872}.Debug|Win32.ActiveCfg = Debug|Win32
		{4AB016AD-57B3-43CC-8688-850CADA1E872}.Debug|Win32.Build.0 = Debug|Win32
		{4AB016AD-57B3-43CC-8688-850CADA1E872}.Release|Win32.ActiveCfg = Release|Win32
		{4AB016AD-57B3-43CC-8688-850CADA1E872}.Release|Win32.Build.0 = Release|Win32
		{4AB016AD-57B3-43CC-8688-850CADA1E872}.MinSizeRel|Win32.ActiveCfg = MinSizeRel|Win32
		{4AB016AD-57B3-43CC-8688-850CADA1E872}.MinSizeRel|Win32.Build.0 = MinSizeRel|Win32
		{4AB016AD-57B3-43CC-8688-850CADA1E872}.RelWithDebInfo|Win32.ActiveCfg = RelWithDebInfo|Win32
		{4AB016AD-57B3-43CC-8688-850CADA1E872}.RelWithDebInfo|Win32.Build.0 = RelWithDebInfo|Win32
		{E9DC1BA5-69C2-47DC-8A27-3F0B3D0E8673}.Debug|Win32.ActiveCfg = Debug|Win32
		{E9DC1BA5-69C2-47DC-8A27-3F0B3D0E8673}.Debug|Win32.Build.0 = Debug|Win32
		{E9DC1BA5-69C2-47DC-8A27-3F0B3D0E8673}.Release|Win32.ActiveCfg = Release|Win32
		{E9DC1BA5-69C2-47DC-8A27-3F0B3D0E8673}.Release|Win32.Build.0 = Release|Win32
		{E9DC1BA5-69C2-47DC-8A27-3F0B3D0E8673}.MinSizeRel|Win32.ActiveCfg = MinSizeRel|Win32
		{E9DC1BA5-69C2-47DC-8A27-3F0B3D0E8673}.MinSizeRel|Win32.Build.0 = MinSizeRel|Win32
		{E9DC1BA5-69C2-47DC-8A27-3F0B3D0E8673}.RelWithDebInfo|Win32.ActiveCfg = RelWithDebInfo|Win32
		{E9DC1BA5-69C2-47DC-8A27-3F0B3D0E8673}.RelWithDebInfo|Win32.Build.0 = RelWithDebInfo|Win32
	EndGlobalSection
	GlobalSection(ExtensibilityGlobals) = postSolution
	EndGlobalSection
	GlobalSection(ExtensibilityAddIns) = postSolution
	EndGlobalSection
EndGlobal
