Microsoft Visual Studio Solution File, Format Version 11.00
# Visual Studio 2010
Project("{8BC9CEB8-8B4A-11D0-8D11-00A0C91BC942}") = "ALL_BUILD", "ALL_BUILD.vcxproj", "{E3754C9B-06AB-4FAD-9331-90F6F35E8B5E}"
	ProjectSection(ProjectDependencies) = postProject
		{754F70EE-BD4C-47CF-9635-44D1849CE5A2} = {754F70EE-BD4C-47CF-9635-44D1849CE5A2}
		{79CEC825-14F0-4DAC-8C38-6735A4BC92C9} = {79CEC825-14F0-4DAC-8C38-6735A4BC92C9}
		{91EC9DE9-27C3-4BCC-841E-5CACBB763A6F} = {91EC9DE9-27C3-4BCC-841E-5CACBB763A6F}
		{E9D440AB-BDBD-4A6A-9A1B-4FC22A1077A6} = {E9D440AB-BDBD-4A6A-9A1B-4FC22A1077A6}
		{76CE908A-D223-4BC6-AEBA-1BB82B5B5ED9} = {76CE908A-D223-4BC6-AEBA-1BB82B5B5ED9}
		{E54C8B7A-607E-46BA-B84E-46DE6042913C} = {E54C8B7A-607E-46BA-B84E-46DE6042913C}
	EndProjectSection
EndProject
Project("{8BC9CEB8-8B4A-11D0-8D11-00A0C91BC942}") = "LKTracker", "LKTracker.vcxproj", "{754F70EE-BD4C-47CF-9635-44D1849CE5A2}"
	ProjectSection(ProjectDependencies) = postProject
		{79CEC825-14F0-4DAC-8C38-6735A4BC92C9} = {79CEC825-14F0-4DAC-8C38-6735A4BC92C9}
	EndProjectSection
EndProject
Project("{8BC9CEB8-8B4A-11D0-8D11-00A0C91BC942}") = "ZERO_CHECK", "ZERO_CHECK.vcxproj", "{79CEC825-14F0-4DAC-8C38-6735A4BC92C9}"
	ProjectSection(ProjectDependencies) = postProject
	EndProjectSection
EndProject
Project("{8BC9CEB8-8B4A-11D0-8D11-00A0C91BC942}") = "ferNN", "ferNN.vcxproj", "{91EC9DE9-27C3-4BCC-841E-5CACBB763A6F}"
	ProjectSection(ProjectDependencies) = postProject
		{79CEC825-14F0-4DAC-8C38-6735A4BC92C9} = {79CEC825-14F0-4DAC-8C38-6735A4BC92C9}
	EndProjectSection
EndProject
Project("{8BC9CEB8-8B4A-11D0-8D11-00A0C91BC942}") = "run_tld", "run_tld.vcxproj", "{E9D440AB-BDBD-4A6A-9A1B-4FC22A1077A6}"
	ProjectSection(ProjectDependencies) = postProject
		{754F70EE-BD4C-47CF-9635-44D1849CE5A2} = {754F70EE-BD4C-47CF-9635-44D1849CE5A2}
		{79CEC825-14F0-4DAC-8C38-6735A4BC92C9} = {79CEC825-14F0-4DAC-8C38-6735A4BC92C9}
		{91EC9DE9-27C3-4BCC-841E-5CACBB763A6F} = {91EC9DE9-27C3-4BCC-841E-5CACBB763A6F}
		{76CE908A-D223-4BC6-AEBA-1BB82B5B5ED9} = {76CE908A-D223-4BC6-AEBA-1BB82B5B5ED9}
		{E54C8B7A-607E-46BA-B84E-46DE6042913C} = {E54C8B7A-607E-46BA-B84E-46DE6042913C}
	EndProjectSection
EndProject
Project("{8BC9CEB8-8B4A-11D0-8D11-00A0C91BC942}") = "tld", "tld.vcxproj", "{76CE908A-D223-4BC6-AEBA-1BB82B5B5ED9}"
	ProjectSection(ProjectDependencies) = postProject
		{79CEC825-14F0-4DAC-8C38-6735A4BC92C9} = {79CEC825-14F0-4DAC-8C38-6735A4BC92C9}
	EndProjectSection
EndProject
Project("{8BC9CEB8-8B4A-11D0-8D11-00A0C91BC942}") = "tld_utils", "tld_utils.vcxproj", "{E54C8B7A-607E-46BA-B84E-46DE6042913C}"
	ProjectSection(ProjectDependencies) = postProject
		{79CEC825-14F0-4DAC-8C38-6735A4BC92C9} = {79CEC825-14F0-4DAC-8C38-6735A4BC92C9}
	EndProjectSection
EndProject
Global
	GlobalSection(SolutionConfigurationPlatforms) = preSolution
		Debug|Win32 = Debug|Win32
		Release|Win32 = Release|Win32
		MinSizeRel|Win32 = MinSizeRel|Win32
		RelWithDebInfo|Win32 = RelWithDebInfo|Win32
	EndGlobalSection
	GlobalSection(ProjectConfigurationPlatforms) = postSolution
		{E3754C9B-06AB-4FAD-9331-90F6F35E8B5E}.Debug|Win32.ActiveCfg = Debug|Win32
		{E3754C9B-06AB-4FAD-9331-90F6F35E8B5E}.Release|Win32.ActiveCfg = Release|Win32
		{E3754C9B-06AB-4FAD-9331-90F6F35E8B5E}.MinSizeRel|Win32.ActiveCfg = MinSizeRel|Win32
		{E3754C9B-06AB-4FAD-9331-90F6F35E8B5E}.RelWithDebInfo|Win32.ActiveCfg = RelWithDebInfo|Win32
		{754F70EE-BD4C-47CF-9635-44D1849CE5A2}.Debug|Win32.ActiveCfg = Debug|Win32
		{754F70EE-BD4C-47CF-9635-44D1849CE5A2}.Debug|Win32.Build.0 = Debug|Win32
		{754F70EE-BD4C-47CF-9635-44D1849CE5A2}.Release|Win32.ActiveCfg = Release|Win32
		{754F70EE-BD4C-47CF-9635-44D1849CE5A2}.Release|Win32.Build.0 = Release|Win32
		{754F70EE-BD4C-47CF-9635-44D1849CE5A2}.MinSizeRel|Win32.ActiveCfg = MinSizeRel|Win32
		{754F70EE-BD4C-47CF-9635-44D1849CE5A2}.MinSizeRel|Win32.Build.0 = MinSizeRel|Win32
		{754F70EE-BD4C-47CF-9635-44D1849CE5A2}.RelWithDebInfo|Win32.ActiveCfg = RelWithDebInfo|Win32
		{754F70EE-BD4C-47CF-9635-44D1849CE5A2}.RelWithDebInfo|Win32.Build.0 = RelWithDebInfo|Win32
		{79CEC825-14F0-4DAC-8C38-6735A4BC92C9}.Debug|Win32.ActiveCfg = Debug|Win32
		{79CEC825-14F0-4DAC-8C38-6735A4BC92C9}.Debug|Win32.Build.0 = Debug|Win32
		{79CEC825-14F0-4DAC-8C38-6735A4BC92C9}.Release|Win32.ActiveCfg = Release|Win32
		{79CEC825-14F0-4DAC-8C38-6735A4BC92C9}.Release|Win32.Build.0 = Release|Win32
		{79CEC825-14F0-4DAC-8C38-6735A4BC92C9}.MinSizeRel|Win32.ActiveCfg = MinSizeRel|Win32
		{79CEC825-14F0-4DAC-8C38-6735A4BC92C9}.MinSizeRel|Win32.Build.0 = MinSizeRel|Win32
		{79CEC825-14F0-4DAC-8C38-6735A4BC92C9}.RelWithDebInfo|Win32.ActiveCfg = RelWithDebInfo|Win32
		{79CEC825-14F0-4DAC-8C38-6735A4BC92C9}.RelWithDebInfo|Win32.Build.0 = RelWithDebInfo|Win32
		{91EC9DE9-27C3-4BCC-841E-5CACBB763A6F}.Debug|Win32.ActiveCfg = Debug|Win32
		{91EC9DE9-27C3-4BCC-841E-5CACBB763A6F}.Debug|Win32.Build.0 = Debug|Win32
		{91EC9DE9-27C3-4BCC-841E-5CACBB763A6F}.Release|Win32.ActiveCfg = Release|Win32
		{91EC9DE9-27C3-4BCC-841E-5CACBB763A6F}.Release|Win32.Build.0 = Release|Win32
		{91EC9DE9-27C3-4BCC-841E-5CACBB763A6F}.MinSizeRel|Win32.ActiveCfg = MinSizeRel|Win32
		{91EC9DE9-27C3-4BCC-841E-5CACBB763A6F}.MinSizeRel|Win32.Build.0 = MinSizeRel|Win32
		{91EC9DE9-27C3-4BCC-841E-5CACBB763A6F}.RelWithDebInfo|Win32.ActiveCfg = RelWithDebInfo|Win32
		{91EC9DE9-27C3-4BCC-841E-5CACBB763A6F}.RelWithDebInfo|Win32.Build.0 = RelWithDebInfo|Win32
		{E9D440AB-BDBD-4A6A-9A1B-4FC22A1077A6}.Debug|Win32.ActiveCfg = Debug|Win32
		{E9D440AB-BDBD-4A6A-9A1B-4FC22A1077A6}.Debug|Win32.Build.0 = Debug|Win32
		{E9D440AB-BDBD-4A6A-9A1B-4FC22A1077A6}.Release|Win32.ActiveCfg = Release|Win32
		{E9D440AB-BDBD-4A6A-9A1B-4FC22A1077A6}.Release|Win32.Build.0 = Release|Win32
		{E9D440AB-BDBD-4A6A-9A1B-4FC22A1077A6}.MinSizeRel|Win32.ActiveCfg = MinSizeRel|Win32
		{E9D440AB-BDBD-4A6A-9A1B-4FC22A1077A6}.MinSizeRel|Win32.Build.0 = MinSizeRel|Win32
		{E9D440AB-BDBD-4A6A-9A1B-4FC22A1077A6}.RelWithDebInfo|Win32.ActiveCfg = RelWithDebInfo|Win32
		{E9D440AB-BDBD-4A6A-9A1B-4FC22A1077A6}.RelWithDebInfo|Win32.Build.0 = RelWithDebInfo|Win32
		{76CE908A-D223-4BC6-AEBA-1BB82B5B5ED9}.Debug|Win32.ActiveCfg = Debug|Win32
		{76CE908A-D223-4BC6-AEBA-1BB82B5B5ED9}.Debug|Win32.Build.0 = Debug|Win32
		{76CE908A-D223-4BC6-AEBA-1BB82B5B5ED9}.Release|Win32.ActiveCfg = Release|Win32
		{76CE908A-D223-4BC6-AEBA-1BB82B5B5ED9}.Release|Win32.Build.0 = Release|Win32
		{76CE908A-D223-4BC6-AEBA-1BB82B5B5ED9}.MinSizeRel|Win32.ActiveCfg = MinSizeRel|Win32
		{76CE908A-D223-4BC6-AEBA-1BB82B5B5ED9}.MinSizeRel|Win32.Build.0 = MinSizeRel|Win32
		{76CE908A-D223-4BC6-AEBA-1BB82B5B5ED9}.RelWithDebInfo|Win32.ActiveCfg = RelWithDebInfo|Win32
		{76CE908A-D223-4BC6-AEBA-1BB82B5B5ED9}.RelWithDebInfo|Win32.Build.0 = RelWithDebInfo|Win32
		{E54C8B7A-607E-46BA-B84E-46DE6042913C}.Debug|Win32.ActiveCfg = Debug|Win32
		{E54C8B7A-607E-46BA-B84E-46DE6042913C}.Debug|Win32.Build.0 = Debug|Win32
		{E54C8B7A-607E-46BA-B84E-46DE6042913C}.Release|Win32.ActiveCfg = Release|Win32
		{E54C8B7A-607E-46BA-B84E-46DE6042913C}.Release|Win32.Build.0 = Release|Win32
		{E54C8B7A-607E-46BA-B84E-46DE6042913C}.MinSizeRel|Win32.ActiveCfg = MinSizeRel|Win32
		{E54C8B7A-607E-46BA-B84E-46DE6042913C}.MinSizeRel|Win32.Build.0 = MinSizeRel|Win32
		{E54C8B7A-607E-46BA-B84E-46DE6042913C}.RelWithDebInfo|Win32.ActiveCfg = RelWithDebInfo|Win32
		{E54C8B7A-607E-46BA-B84E-46DE6042913C}.RelWithDebInfo|Win32.Build.0 = RelWithDebInfo|Win32
	EndGlobalSection
	GlobalSection(ExtensibilityGlobals) = postSolution
	EndGlobalSection
	GlobalSection(ExtensibilityAddIns) = postSolution
	EndGlobalSection
EndGlobal
