Microsoft Visual Studio Solution File, Format Version 12.00
# Visual Studio 2013
Project("{8BC9CEB8-8B4A-11D0-8D11-00A0C91BC942}") = "ALL_BUILD", "ALL_BUILD.vcxproj", "{70D357AA-8E30-4996-BC9F-DB981E498CF4}"
	ProjectSection(ProjectDependencies) = postProject
		{D6E3313C-0C92-4E8E-A469-7E4772FAAA86} = {D6E3313C-0C92-4E8E-A469-7E4772FAAA86}
		{E8AC5C1A-DF9B-42CE-9F41-AFD076F97180} = {E8AC5C1A-DF9B-42CE-9F41-AFD076F97180}
		{E5916DA3-DED1-40E4-A562-F58DB87C59A9} = {E5916DA3-DED1-40E4-A562-F58DB87C59A9}
		{F8FE3703-99D4-4D07-BCDC-AEEAD55D3352} = {F8FE3703-99D4-4D07-BCDC-AEEAD55D3352}
		{9C82A808-D813-47F1-B6E8-EF0FE985AF02} = {9C82A808-D813-47F1-B6E8-EF0FE985AF02}
		{ED61932B-3E52-4AF9-8D52-924634A6A57B} = {ED61932B-3E52-4AF9-8D52-924634A6A57B}
	EndProjectSection
EndProject
Project("{8BC9CEB8-8B4A-11D0-8D11-00A0C91BC942}") = "LKTracker", "LKTracker.vcxproj", "{D6E3313C-0C92-4E8E-A469-7E4772FAAA86}"
	ProjectSection(ProjectDependencies) = postProject
		{E8AC5C1A-DF9B-42CE-9F41-AFD076F97180} = {E8AC5C1A-DF9B-42CE-9F41-AFD076F97180}
	EndProjectSection
EndProject
Project("{8BC9CEB8-8B4A-11D0-8D11-00A0C91BC942}") = "ZERO_CHECK", "ZERO_CHECK.vcxproj", "{E8AC5C1A-DF9B-42CE-9F41-AFD076F97180}"
	ProjectSection(ProjectDependencies) = postProject
	EndProjectSection
EndProject
Project("{8BC9CEB8-8B4A-11D0-8D11-00A0C91BC942}") = "ferNN", "ferNN.vcxproj", "{E5916DA3-DED1-40E4-A562-F58DB87C59A9}"
	ProjectSection(ProjectDependencies) = postProject
		{E8AC5C1A-DF9B-42CE-9F41-AFD076F97180} = {E8AC5C1A-DF9B-42CE-9F41-AFD076F97180}
	EndProjectSection
EndProject
Project("{8BC9CEB8-8B4A-11D0-8D11-00A0C91BC942}") = "run_tld", "run_tld.vcxproj", "{F8FE3703-99D4-4D07-BCDC-AEEAD55D3352}"
	ProjectSection(ProjectDependencies) = postProject
		{D6E3313C-0C92-4E8E-A469-7E4772FAAA86} = {D6E3313C-0C92-4E8E-A469-7E4772FAAA86}
		{E8AC5C1A-DF9B-42CE-9F41-AFD076F97180} = {E8AC5C1A-DF9B-42CE-9F41-AFD076F97180}
		{E5916DA3-DED1-40E4-A562-F58DB87C59A9} = {E5916DA3-DED1-40E4-A562-F58DB87C59A9}
		{9C82A808-D813-47F1-B6E8-EF0FE985AF02} = {9C82A808-D813-47F1-B6E8-EF0FE985AF02}
		{ED61932B-3E52-4AF9-8D52-924634A6A57B} = {ED61932B-3E52-4AF9-8D52-924634A6A57B}
	EndProjectSection
EndProject
Project("{8BC9CEB8-8B4A-11D0-8D11-00A0C91BC942}") = "tld", "tld.vcxproj", "{9C82A808-D813-47F1-B6E8-EF0FE985AF02}"
	ProjectSection(ProjectDependencies) = postProject
		{E8AC5C1A-DF9B-42CE-9F41-AFD076F97180} = {E8AC5C1A-DF9B-42CE-9F41-AFD076F97180}
	EndProjectSection
EndProject
Project("{8BC9CEB8-8B4A-11D0-8D11-00A0C91BC942}") = "tld_utils", "tld_utils.vcxproj", "{ED61932B-3E52-4AF9-8D52-924634A6A57B}"
	ProjectSection(ProjectDependencies) = postProject
		{E8AC5C1A-DF9B-42CE-9F41-AFD076F97180} = {E8AC5C1A-DF9B-42CE-9F41-AFD076F97180}
	EndProjectSection
EndProject
Global
	GlobalSection(SolutionConfigurationPlatforms) = preSolution
		Debug|Win32 = Debug|Win32
		Release|Win32 = Release|Win32
		MinSizeRel|Win32 = MinSizeRel|Win32
		RelWithDebInfo|Win32 = RelWithDebInfo|Win32
	EndGlobalSection
	GlobalSection(ProjectConfigurationPlatforms) = postSolution
		{70D357AA-8E30-4996-BC9F-DB981E498CF4}.Debug|Win32.ActiveCfg = Debug|Win32
		{70D357AA-8E30-4996-BC9F-DB981E498CF4}.Release|Win32.ActiveCfg = Release|Win32
		{70D357AA-8E30-4996-BC9F-DB981E498CF4}.MinSizeRel|Win32.ActiveCfg = MinSizeRel|Win32
		{70D357AA-8E30-4996-BC9F-DB981E498CF4}.RelWithDebInfo|Win32.ActiveCfg = RelWithDebInfo|Win32
		{D6E3313C-0C92-4E8E-A469-7E4772FAAA86}.Debug|Win32.ActiveCfg = Debug|Win32
		{D6E3313C-0C92-4E8E-A469-7E4772FAAA86}.Debug|Win32.Build.0 = Debug|Win32
		{D6E3313C-0C92-4E8E-A469-7E4772FAAA86}.Release|Win32.ActiveCfg = Release|Win32
		{D6E3313C-0C92-4E8E-A469-7E4772FAAA86}.Release|Win32.Build.0 = Release|Win32
		{D6E3313C-0C92-4E8E-A469-7E4772FAAA86}.MinSizeRel|Win32.ActiveCfg = MinSizeRel|Win32
		{D6E3313C-0C92-4E8E-A469-7E4772FAAA86}.MinSizeRel|Win32.Build.0 = MinSizeRel|Win32
		{D6E3313C-0C92-4E8E-A469-7E4772FAAA86}.RelWithDebInfo|Win32.ActiveCfg = RelWithDebInfo|Win32
		{D6E3313C-0C92-4E8E-A469-7E4772FAAA86}.RelWithDebInfo|Win32.Build.0 = RelWithDebInfo|Win32
		{E8AC5C1A-DF9B-42CE-9F41-AFD076F97180}.Debug|Win32.ActiveCfg = Debug|Win32
		{E8AC5C1A-DF9B-42CE-9F41-AFD076F97180}.Debug|Win32.Build.0 = Debug|Win32
		{E8AC5C1A-DF9B-42CE-9F41-AFD076F97180}.Release|Win32.ActiveCfg = Release|Win32
		{E8AC5C1A-DF9B-42CE-9F41-AFD076F97180}.Release|Win32.Build.0 = Release|Win32
		{E8AC5C1A-DF9B-42CE-9F41-AFD076F97180}.MinSizeRel|Win32.ActiveCfg = MinSizeRel|Win32
		{E8AC5C1A-DF9B-42CE-9F41-AFD076F97180}.MinSizeRel|Win32.Build.0 = MinSizeRel|Win32
		{E8AC5C1A-DF9B-42CE-9F41-AFD076F97180}.RelWithDebInfo|Win32.ActiveCfg = RelWithDebInfo|Win32
		{E8AC5C1A-DF9B-42CE-9F41-AFD076F97180}.RelWithDebInfo|Win32.Build.0 = RelWithDebInfo|Win32
		{E5916DA3-DED1-40E4-A562-F58DB87C59A9}.Debug|Win32.ActiveCfg = Debug|Win32
		{E5916DA3-DED1-40E4-A562-F58DB87C59A9}.Debug|Win32.Build.0 = Debug|Win32
		{E5916DA3-DED1-40E4-A562-F58DB87C59A9}.Release|Win32.ActiveCfg = Release|Win32
		{E5916DA3-DED1-40E4-A562-F58DB87C59A9}.Release|Win32.Build.0 = Release|Win32
		{E5916DA3-DED1-40E4-A562-F58DB87C59A9}.MinSizeRel|Win32.ActiveCfg = MinSizeRel|Win32
		{E5916DA3-DED1-40E4-A562-F58DB87C59A9}.MinSizeRel|Win32.Build.0 = MinSizeRel|Win32
		{E5916DA3-DED1-40E4-A562-F58DB87C59A9}.RelWithDebInfo|Win32.ActiveCfg = RelWithDebInfo|Win32
		{E5916DA3-DED1-40E4-A562-F58DB87C59A9}.RelWithDebInfo|Win32.Build.0 = RelWithDebInfo|Win32
		{F8FE3703-99D4-4D07-BCDC-AEEAD55D3352}.Debug|Win32.ActiveCfg = Debug|Win32
		{F8FE3703-99D4-4D07-BCDC-AEEAD55D3352}.Debug|Win32.Build.0 = Debug|Win32
		{F8FE3703-99D4-4D07-BCDC-AEEAD55D3352}.Release|Win32.ActiveCfg = Release|Win32
		{F8FE3703-99D4-4D07-BCDC-AEEAD55D3352}.Release|Win32.Build.0 = Release|Win32
		{F8FE3703-99D4-4D07-BCDC-AEEAD55D3352}.MinSizeRel|Win32.ActiveCfg = MinSizeRel|Win32
		{F8FE3703-99D4-4D07-BCDC-AEEAD55D3352}.MinSizeRel|Win32.Build.0 = MinSizeRel|Win32
		{F8FE3703-99D4-4D07-BCDC-AEEAD55D3352}.RelWithDebInfo|Win32.ActiveCfg = RelWithDebInfo|Win32
		{F8FE3703-99D4-4D07-BCDC-AEEAD55D3352}.RelWithDebInfo|Win32.Build.0 = RelWithDebInfo|Win32
		{9C82A808-D813-47F1-B6E8-EF0FE985AF02}.Debug|Win32.ActiveCfg = Debug|Win32
		{9C82A808-D813-47F1-B6E8-EF0FE985AF02}.Debug|Win32.Build.0 = Debug|Win32
		{9C82A808-D813-47F1-B6E8-EF0FE985AF02}.Release|Win32.ActiveCfg = Release|Win32
		{9C82A808-D813-47F1-B6E8-EF0FE985AF02}.Release|Win32.Build.0 = Release|Win32
		{9C82A808-D813-47F1-B6E8-EF0FE985AF02}.MinSizeRel|Win32.ActiveCfg = MinSizeRel|Win32
		{9C82A808-D813-47F1-B6E8-EF0FE985AF02}.MinSizeRel|Win32.Build.0 = MinSizeRel|Win32
		{9C82A808-D813-47F1-B6E8-EF0FE985AF02}.RelWithDebInfo|Win32.ActiveCfg = RelWithDebInfo|Win32
		{9C82A808-D813-47F1-B6E8-EF0FE985AF02}.RelWithDebInfo|Win32.Build.0 = RelWithDebInfo|Win32
		{ED61932B-3E52-4AF9-8D52-924634A6A57B}.Debug|Win32.ActiveCfg = Debug|Win32
		{ED61932B-3E52-4AF9-8D52-924634A6A57B}.Debug|Win32.Build.0 = Debug|Win32
		{ED61932B-3E52-4AF9-8D52-924634A6A57B}.Release|Win32.ActiveCfg = Release|Win32
		{ED61932B-3E52-4AF9-8D52-924634A6A57B}.Release|Win32.Build.0 = Release|Win32
		{ED61932B-3E52-4AF9-8D52-924634A6A57B}.MinSizeRel|Win32.ActiveCfg = MinSizeRel|Win32
		{ED61932B-3E52-4AF9-8D52-924634A6A57B}.MinSizeRel|Win32.Build.0 = MinSizeRel|Win32
		{ED61932B-3E52-4AF9-8D52-924634A6A57B}.RelWithDebInfo|Win32.ActiveCfg = RelWithDebInfo|Win32
		{ED61932B-3E52-4AF9-8D52-924634A6A57B}.RelWithDebInfo|Win32.Build.0 = RelWithDebInfo|Win32
	EndGlobalSection
	GlobalSection(ExtensibilityGlobals) = postSolution
	EndGlobalSection
	GlobalSection(ExtensibilityAddIns) = postSolution
	EndGlobalSection
EndGlobal
