Microsoft Visual Studio Solution File, Format Version 12.00
# Visual Studio 2013
Project("{8BC9CEB8-8B4A-11D0-8D11-00A0C91BC942}") = "ALL_BUILD", "ALL_BUILD.vcxproj", "{EFE32C91-A72E-4568-8E68-0886127ABE96}"
	ProjectSection(ProjectDependencies) = postProject
		{C78D5128-6510-414B-A526-748540FAD3F6} = {C78D5128-6510-414B-A526-748540FAD3F6}
		{11CAC2FF-96FE-4B79-B044-2E7429415891} = {11CAC2FF-96FE-4B79-B044-2E7429415891}
		{5182AED2-5B21-4095-9A13-8B0C51D16171} = {5182AED2-5B21-4095-9A13-8B0C51D16171}
		{4F359270-119A-4926-9B0B-10996700A888} = {4F359270-119A-4926-9B0B-10996700A888}
		{937CE29E-6208-4847-B9E3-BF60BDA70EE7} = {937CE29E-6208-4847-B9E3-BF60BDA70EE7}
		{97249C1E-C447-4AAF-9D72-55EE5C87592D} = {97249C1E-C447-4AAF-9D72-55EE5C87592D}
	EndProjectSection
EndProject
Project("{8BC9CEB8-8B4A-11D0-8D11-00A0C91BC942}") = "LKTracker", "LKTracker.vcxproj", "{C78D5128-6510-414B-A526-748540FAD3F6}"
	ProjectSection(ProjectDependencies) = postProject
		{11CAC2FF-96FE-4B79-B044-2E7429415891} = {11CAC2FF-96FE-4B79-B044-2E7429415891}
	EndProjectSection
EndProject
Project("{8BC9CEB8-8B4A-11D0-8D11-00A0C91BC942}") = "ZERO_CHECK", "ZERO_CHECK.vcxproj", "{11CAC2FF-96FE-4B79-B044-2E7429415891}"
	ProjectSection(ProjectDependencies) = postProject
	EndProjectSection
EndProject
Project("{8BC9CEB8-8B4A-11D0-8D11-00A0C91BC942}") = "ferNN", "ferNN.vcxproj", "{5182AED2-5B21-4095-9A13-8B0C51D16171}"
	ProjectSection(ProjectDependencies) = postProject
		{11CAC2FF-96FE-4B79-B044-2E7429415891} = {11CAC2FF-96FE-4B79-B044-2E7429415891}
	EndProjectSection
EndProject
Project("{8BC9CEB8-8B4A-11D0-8D11-00A0C91BC942}") = "run_tld", "run_tld.vcxproj", "{4F359270-119A-4926-9B0B-10996700A888}"
	ProjectSection(ProjectDependencies) = postProject
		{C78D5128-6510-414B-A526-748540FAD3F6} = {C78D5128-6510-414B-A526-748540FAD3F6}
		{11CAC2FF-96FE-4B79-B044-2E7429415891} = {11CAC2FF-96FE-4B79-B044-2E7429415891}
		{5182AED2-5B21-4095-9A13-8B0C51D16171} = {5182AED2-5B21-4095-9A13-8B0C51D16171}
		{937CE29E-6208-4847-B9E3-BF60BDA70EE7} = {937CE29E-6208-4847-B9E3-BF60BDA70EE7}
		{97249C1E-C447-4AAF-9D72-55EE5C87592D} = {97249C1E-C447-4AAF-9D72-55EE5C87592D}
	EndProjectSection
EndProject
Project("{8BC9CEB8-8B4A-11D0-8D11-00A0C91BC942}") = "tld", "tld.vcxproj", "{937CE29E-6208-4847-B9E3-BF60BDA70EE7}"
	ProjectSection(ProjectDependencies) = postProject
		{11CAC2FF-96FE-4B79-B044-2E7429415891} = {11CAC2FF-96FE-4B79-B044-2E7429415891}
	EndProjectSection
EndProject
Project("{8BC9CEB8-8B4A-11D0-8D11-00A0C91BC942}") = "tld_utils", "tld_utils.vcxproj", "{97249C1E-C447-4AAF-9D72-55EE5C87592D}"
	ProjectSection(ProjectDependencies) = postProject
		{11CAC2FF-96FE-4B79-B044-2E7429415891} = {11CAC2FF-96FE-4B79-B044-2E7429415891}
	EndProjectSection
EndProject
Global
	GlobalSection(SolutionConfigurationPlatforms) = preSolution
		Debug|Win32 = Debug|Win32
		Release|Win32 = Release|Win32
		MinSizeRel|Win32 = MinSizeRel|Win32
		RelWithDebInfo|Win32 = RelWithDebInfo|Win32
	EndGlobalSection
	GlobalSection(ProjectConfigurationPlatforms) = postSolution
		{EFE32C91-A72E-4568-8E68-0886127ABE96}.Debug|Win32.ActiveCfg = Debug|Win32
		{EFE32C91-A72E-4568-8E68-0886127ABE96}.Release|Win32.ActiveCfg = Release|Win32
		{EFE32C91-A72E-4568-8E68-0886127ABE96}.MinSizeRel|Win32.ActiveCfg = MinSizeRel|Win32
		{EFE32C91-A72E-4568-8E68-0886127ABE96}.RelWithDebInfo|Win32.ActiveCfg = RelWithDebInfo|Win32
		{C78D5128-6510-414B-A526-748540FAD3F6}.Debug|Win32.ActiveCfg = Debug|Win32
		{C78D5128-6510-414B-A526-748540FAD3F6}.Debug|Win32.Build.0 = Debug|Win32
		{C78D5128-6510-414B-A526-748540FAD3F6}.Release|Win32.ActiveCfg = Release|Win32
		{C78D5128-6510-414B-A526-748540FAD3F6}.Release|Win32.Build.0 = Release|Win32
		{C78D5128-6510-414B-A526-748540FAD3F6}.MinSizeRel|Win32.ActiveCfg = MinSizeRel|Win32
		{C78D5128-6510-414B-A526-748540FAD3F6}.MinSizeRel|Win32.Build.0 = MinSizeRel|Win32
		{C78D5128-6510-414B-A526-748540FAD3F6}.RelWithDebInfo|Win32.ActiveCfg = RelWithDebInfo|Win32
		{C78D5128-6510-414B-A526-748540FAD3F6}.RelWithDebInfo|Win32.Build.0 = RelWithDebInfo|Win32
		{11CAC2FF-96FE-4B79-B044-2E7429415891}.Debug|Win32.ActiveCfg = Debug|Win32
		{11CAC2FF-96FE-4B79-B044-2E7429415891}.Debug|Win32.Build.0 = Debug|Win32
		{11CAC2FF-96FE-4B79-B044-2E7429415891}.Release|Win32.ActiveCfg = Release|Win32
		{11CAC2FF-96FE-4B79-B044-2E7429415891}.Release|Win32.Build.0 = Release|Win32
		{11CAC2FF-96FE-4B79-B044-2E7429415891}.MinSizeRel|Win32.ActiveCfg = MinSizeRel|Win32
		{11CAC2FF-96FE-4B79-B044-2E7429415891}.MinSizeRel|Win32.Build.0 = MinSizeRel|Win32
		{11CAC2FF-96FE-4B79-B044-2E7429415891}.RelWithDebInfo|Win32.ActiveCfg = RelWithDebInfo|Win32
		{11CAC2FF-96FE-4B79-B044-2E7429415891}.RelWithDebInfo|Win32.Build.0 = RelWithDebInfo|Win32
		{5182AED2-5B21-4095-9A13-8B0C51D16171}.Debug|Win32.ActiveCfg = Debug|Win32
		{5182AED2-5B21-4095-9A13-8B0C51D16171}.Debug|Win32.Build.0 = Debug|Win32
		{5182AED2-5B21-4095-9A13-8B0C51D16171}.Release|Win32.ActiveCfg = Release|Win32
		{5182AED2-5B21-4095-9A13-8B0C51D16171}.Release|Win32.Build.0 = Release|Win32
		{5182AED2-5B21-4095-9A13-8B0C51D16171}.MinSizeRel|Win32.ActiveCfg = MinSizeRel|Win32
		{5182AED2-5B21-4095-9A13-8B0C51D16171}.MinSizeRel|Win32.Build.0 = MinSizeRel|Win32
		{5182AED2-5B21-4095-9A13-8B0C51D16171}.RelWithDebInfo|Win32.ActiveCfg = RelWithDebInfo|Win32
		{5182AED2-5B21-4095-9A13-8B0C51D16171}.RelWithDebInfo|Win32.Build.0 = RelWithDebInfo|Win32
		{4F359270-119A-4926-9B0B-10996700A888}.Debug|Win32.ActiveCfg = Debug|Win32
		{4F359270-119A-4926-9B0B-10996700A888}.Debug|Win32.Build.0 = Debug|Win32
		{4F359270-119A-4926-9B0B-10996700A888}.Release|Win32.ActiveCfg = Release|Win32
		{4F359270-119A-4926-9B0B-10996700A888}.Release|Win32.Build.0 = Release|Win32
		{4F359270-119A-4926-9B0B-10996700A888}.MinSizeRel|Win32.ActiveCfg = MinSizeRel|Win32
		{4F359270-119A-4926-9B0B-10996700A888}.MinSizeRel|Win32.Build.0 = MinSizeRel|Win32
		{4F359270-119A-4926-9B0B-10996700A888}.RelWithDebInfo|Win32.ActiveCfg = RelWithDebInfo|Win32
		{4F359270-119A-4926-9B0B-10996700A888}.RelWithDebInfo|Win32.Build.0 = RelWithDebInfo|Win32
		{937CE29E-6208-4847-B9E3-BF60BDA70EE7}.Debug|Win32.ActiveCfg = Debug|Win32
		{937CE29E-6208-4847-B9E3-BF60BDA70EE7}.Debug|Win32.Build.0 = Debug|Win32
		{937CE29E-6208-4847-B9E3-BF60BDA70EE7}.Release|Win32.ActiveCfg = Release|Win32
		{937CE29E-6208-4847-B9E3-BF60BDA70EE7}.Release|Win32.Build.0 = Release|Win32
		{937CE29E-6208-4847-B9E3-BF60BDA70EE7}.MinSizeRel|Win32.ActiveCfg = MinSizeRel|Win32
		{937CE29E-6208-4847-B9E3-BF60BDA70EE7}.MinSizeRel|Win32.Build.0 = MinSizeRel|Win32
		{937CE29E-6208-4847-B9E3-BF60BDA70EE7}.RelWithDebInfo|Win32.ActiveCfg = RelWithDebInfo|Win32
		{937CE29E-6208-4847-B9E3-BF60BDA70EE7}.RelWithDebInfo|Win32.Build.0 = RelWithDebInfo|Win32
		{97249C1E-C447-4AAF-9D72-55EE5C87592D}.Debug|Win32.ActiveCfg = Debug|Win32
		{97249C1E-C447-4AAF-9D72-55EE5C87592D}.Debug|Win32.Build.0 = Debug|Win32
		{97249C1E-C447-4AAF-9D72-55EE5C87592D}.Release|Win32.ActiveCfg = Release|Win32
		{97249C1E-C447-4AAF-9D72-55EE5C87592D}.Release|Win32.Build.0 = Release|Win32
		{97249C1E-C447-4AAF-9D72-55EE5C87592D}.MinSizeRel|Win32.ActiveCfg = MinSizeRel|Win32
		{97249C1E-C447-4AAF-9D72-55EE5C87592D}.MinSizeRel|Win32.Build.0 = MinSizeRel|Win32
		{97249C1E-C447-4AAF-9D72-55EE5C87592D}.RelWithDebInfo|Win32.ActiveCfg = RelWithDebInfo|Win32
		{97249C1E-C447-4AAF-9D72-55EE5C87592D}.RelWithDebInfo|Win32.Build.0 = RelWithDebInfo|Win32
	EndGlobalSection
	GlobalSection(ExtensibilityGlobals) = postSolution
	EndGlobalSection
	GlobalSection(ExtensibilityAddIns) = postSolution
	EndGlobalSection
EndGlobal
